// !$*UTF8*$!
{
	archiveVersion = 1;
	classes = {
	};
	objectVersion = 46;
	objects = {

/* Begin PBXBuildFile section */
		3DB1D72AB3F405BFF0FAFCB4 /* Pods_FunnySister.framework in Frameworks */ = {isa = PBXBuildFile; fileRef = B82D76B58ED53E40DF36EDF5 /* Pods_FunnySister.framework */; };
		440BEB6D1D5EAE02008017E0 /* HJDefine.swift in Sources */ = {isa = PBXBuildFile; fileRef = 440BEB6C1D5EAE02008017E0 /* HJDefine.swift */; };
		440BEB701D5EAE50008017E0 /* NSDate+HJExtension.swift in Sources */ = {isa = PBXBuildFile; fileRef = 440BEB6F1D5EAE50008017E0 /* NSDate+HJExtension.swift */; };
		440BEB731D5EAE76008017E0 /* UIBarButtonItem+HJExtension.swift in Sources */ = {isa = PBXBuildFile; fileRef = 440BEB721D5EAE76008017E0 /* UIBarButtonItem+HJExtension.swift */; };
		440BEB7C1D5EAE98008017E0 /* UIColor+HJExtension.swift in Sources */ = {isa = PBXBuildFile; fileRef = 440BEB751D5EAE98008017E0 /* UIColor+HJExtension.swift */; };
		440BEB7D1D5EAE98008017E0 /* UITextField+HJExtension.swift in Sources */ = {isa = PBXBuildFile; fileRef = 440BEB771D5EAE98008017E0 /* UITextField+HJExtension.swift */; };
		440BEB7F1D5EAE98008017E0 /* UIView+HJExtension.swift in Sources */ = {isa = PBXBuildFile; fileRef = 440BEB7A1D5EAE98008017E0 /* UIView+HJExtension.swift */; };
		440BEB871D5EB2A6008017E0 /* HJTabBar.swift in Sources */ = {isa = PBXBuildFile; fileRef = 440BEB861D5EB2A6008017E0 /* HJTabBar.swift */; };
		440BEB8A1D5EB2F1008017E0 /* HJGuideController.swift in Sources */ = {isa = PBXBuildFile; fileRef = 440BEB891D5EB2F1008017E0 /* HJGuideController.swift */; };
		440BEBA11D5EBAA1008017E0 /* 1242*2208-1.jpg in Resources */ = {isa = PBXBuildFile; fileRef = 440BEB8D1D5EBAA1008017E0 /* 1242*2208-1.jpg */; };
		440BEBA21D5EBAA1008017E0 /* 1242*2208-2.jpg in Resources */ = {isa = PBXBuildFile; fileRef = 440BEB8E1D5EBAA1008017E0 /* 1242*2208-2.jpg */; };
		440BEBA31D5EBAA1008017E0 /* 1242*2208-3.jpg in Resources */ = {isa = PBXBuildFile; fileRef = 440BEB8F1D5EBAA1008017E0 /* 1242*2208-3.jpg */; };
		440BEBA41D5EBAA1008017E0 /* 1242*2208-4.jpg in Resources */ = {isa = PBXBuildFile; fileRef = 440BEB901D5EBAA1008017E0 /* 1242*2208-4.jpg */; };
		440BEBA51D5EBAA1008017E0 /* 320*480-1.jpg in Resources */ = {isa = PBXBuildFile; fileRef = 440BEB911D5EBAA1008017E0 /* 320*480-1.jpg */; };
		440BEBA61D5EBAA1008017E0 /* 320*480-2.jpg in Resources */ = {isa = PBXBuildFile; fileRef = 440BEB921D5EBAA1008017E0 /* 320*480-2.jpg */; };
		440BEBA71D5EBAA1008017E0 /* 320*480-3.jpg in Resources */ = {isa = PBXBuildFile; fileRef = 440BEB931D5EBAA1008017E0 /* 320*480-3.jpg */; };
		440BEBA81D5EBAA1008017E0 /* 320*480-4.jpg in Resources */ = {isa = PBXBuildFile; fileRef = 440BEB941D5EBAA1008017E0 /* 320*480-4.jpg */; };
		440BEBA91D5EBAA1008017E0 /* 640*1136-1.jpg in Resources */ = {isa = PBXBuildFile; fileRef = 440BEB951D5EBAA1008017E0 /* 640*1136-1.jpg */; };
		440BEBAA1D5EBAA1008017E0 /* 640*1136-2.jpg in Resources */ = {isa = PBXBuildFile; fileRef = 440BEB961D5EBAA1008017E0 /* 640*1136-2.jpg */; };
		440BEBAB1D5EBAA1008017E0 /* 640*1136-3.jpg in Resources */ = {isa = PBXBuildFile; fileRef = 440BEB971D5EBAA1008017E0 /* 640*1136-3.jpg */; };
		440BEBAC1D5EBAA1008017E0 /* 640*1136-4.jpg in Resources */ = {isa = PBXBuildFile; fileRef = 440BEB981D5EBAA1008017E0 /* 640*1136-4.jpg */; };
		440BEBAD1D5EBAA1008017E0 /* 640*960-1.jpg in Resources */ = {isa = PBXBuildFile; fileRef = 440BEB991D5EBAA1008017E0 /* 640*960-1.jpg */; };
		440BEBAE1D5EBAA1008017E0 /* 640*960-2.jpg in Resources */ = {isa = PBXBuildFile; fileRef = 440BEB9A1D5EBAA1008017E0 /* 640*960-2.jpg */; };
		440BEBAF1D5EBAA1008017E0 /* 640*960-3.jpg in Resources */ = {isa = PBXBuildFile; fileRef = 440BEB9B1D5EBAA1008017E0 /* 640*960-3.jpg */; };
		440BEBB01D5EBAA1008017E0 /* 640*960-4.jpg in Resources */ = {isa = PBXBuildFile; fileRef = 440BEB9C1D5EBAA1008017E0 /* 640*960-4.jpg */; };
		440BEBB11D5EBAA1008017E0 /* 750*1334-1.jpg in Resources */ = {isa = PBXBuildFile; fileRef = 440BEB9D1D5EBAA1008017E0 /* 750*1334-1.jpg */; };
		440BEBB21D5EBAA1008017E0 /* 750*1334-2.jpg in Resources */ = {isa = PBXBuildFile; fileRef = 440BEB9E1D5EBAA1008017E0 /* 750*1334-2.jpg */; };
		440BEBB31D5EBAA1008017E0 /* 750*1334-3.jpg in Resources */ = {isa = PBXBuildFile; fileRef = 440BEB9F1D5EBAA1008017E0 /* 750*1334-3.jpg */; };
		440BEBB41D5EBAA1008017E0 /* 750*1334-4.jpg in Resources */ = {isa = PBXBuildFile; fileRef = 440BEBA01D5EBAA1008017E0 /* 750*1334-4.jpg */; };
		440BEBBD1D5ECF90008017E0 /* HJCustomButton.swift in Sources */ = {isa = PBXBuildFile; fileRef = 440BEBBC1D5ECF90008017E0 /* HJCustomButton.swift */; };
		440BEBC21D5ED126008017E0 /* HJLoginBotomView.swift in Sources */ = {isa = PBXBuildFile; fileRef = 440BEBC01D5ED126008017E0 /* HJLoginBotomView.swift */; };
		440BEBC31D5ED126008017E0 /* HJNamePasswordView.swift in Sources */ = {isa = PBXBuildFile; fileRef = 440BEBC11D5ED126008017E0 /* HJNamePasswordView.swift */; };
		440BEBC51D5ED137008017E0 /* HJLoginRegistController.swift in Sources */ = {isa = PBXBuildFile; fileRef = 440BEBC41D5ED137008017E0 /* HJLoginRegistController.swift */; };
		440BEBC81D5ED8DC008017E0 /* HJNavigationController.swift in Sources */ = {isa = PBXBuildFile; fileRef = 440BEBC61D5ED8DC008017E0 /* HJNavigationController.swift */; };
		440BEBC91D5ED8DC008017E0 /* HJTabBarController.swift in Sources */ = {isa = PBXBuildFile; fileRef = 440BEBC71D5ED8DC008017E0 /* HJTabBarController.swift */; };
		440BEBCB1D5EDC98008017E0 /* HJFollowController.swift in Sources */ = {isa = PBXBuildFile; fileRef = 440BEBCA1D5EDC98008017E0 /* HJFollowController.swift */; };
		440BEBCF1D5EDCB3008017E0 /* HJMineController.swift in Sources */ = {isa = PBXBuildFile; fileRef = 440BEBCE1D5EDCB3008017E0 /* HJMineController.swift */; };
		440BEBD31D5EDEDF008017E0 /* HJBaseViewController.swift in Sources */ = {isa = PBXBuildFile; fileRef = 440BEBD21D5EDEDF008017E0 /* HJBaseViewController.swift */; };
		440BEBD51D5EDF35008017E0 /* HJHomeTopView.swift in Sources */ = {isa = PBXBuildFile; fileRef = 440BEBD41D5EDF35008017E0 /* HJHomeTopView.swift */; };
		440BEBD81D5EDF8E008017E0 /* NSString+HJExtension.swift in Sources */ = {isa = PBXBuildFile; fileRef = 440BEBD71D5EDF8E008017E0 /* NSString+HJExtension.swift */; };
		440BEBDA1D5EDFC2008017E0 /* HJCreamController.swift in Sources */ = {isa = PBXBuildFile; fileRef = 440BEBD91D5EDFC2008017E0 /* HJCreamController.swift */; };
		440BEBDC1D5EDFDB008017E0 /* HJLastedController.swift in Sources */ = {isa = PBXBuildFile; fileRef = 440BEBDB1D5EDFDB008017E0 /* HJLastedController.swift */; };
		440BEBDF1D5EE177008017E0 /* HJHttpRequest.swift in Sources */ = {isa = PBXBuildFile; fileRef = 440BEBDE1D5EE177008017E0 /* HJHttpRequest.swift */; };
		440BEBE11D5EE1B9008017E0 /* RequestDefine.swift in Sources */ = {isa = PBXBuildFile; fileRef = 440BEBE01D5EE1B9008017E0 /* RequestDefine.swift */; };
		440BEBE31D5EE1D1008017E0 /* HJListAppBar.swift in Sources */ = {isa = PBXBuildFile; fileRef = 440BEBE21D5EE1D1008017E0 /* HJListAppBar.swift */; };
		440BEBE61D5EE1FD008017E0 /* NSObject+HJExtension.swift in Sources */ = {isa = PBXBuildFile; fileRef = 440BEBE51D5EE1FD008017E0 /* NSObject+HJExtension.swift */; };
		440E76221D5F486E0025EF41 /* HJTopicController.swift in Sources */ = {isa = PBXBuildFile; fileRef = 440E76211D5F486E0025EF41 /* HJTopicController.swift */; };
		440E76241D5F48BE0025EF41 /* HJCreamTCell.swift in Sources */ = {isa = PBXBuildFile; fileRef = 440E76231D5F48BE0025EF41 /* HJCreamTCell.swift */; };
		440E76281D5F48C80025EF41 /* HJJokeToolBar.swift in Sources */ = {isa = PBXBuildFile; fileRef = 440E76251D5F48C80025EF41 /* HJJokeToolBar.swift */; };
		440E76291D5F48C80025EF41 /* HJPictureView.swift in Sources */ = {isa = PBXBuildFile; fileRef = 440E76261D5F48C80025EF41 /* HJPictureView.swift */; };
		440E762A1D5F48C80025EF41 /* HJVideoView.swift in Sources */ = {isa = PBXBuildFile; fileRef = 440E76271D5F48C80025EF41 /* HJVideoView.swift */; };
		440E762C1D5F49110025EF41 /* JokeModel.swift in Sources */ = {isa = PBXBuildFile; fileRef = 440E762B1D5F49110025EF41 /* JokeModel.swift */; };
		445FB1F61D68002500639136 /* HJGifRefreshHeader.swift in Sources */ = {isa = PBXBuildFile; fileRef = 445FB1F51D68002500639136 /* HJGifRefreshHeader.swift */; };
		445FB1F91D68936B00639136 /* HJProgressView.swift in Sources */ = {isa = PBXBuildFile; fileRef = 445FB1F81D68936B00639136 /* HJProgressView.swift */; };
		44D8BAA91D607C6C0085D009 /* UIImage+HJExtension.swift in Sources */ = {isa = PBXBuildFile; fileRef = 44D8BAA81D607C6C0085D009 /* UIImage+HJExtension.swift */; };
		CC2224BF1D63350D00B47249 /* HJRecommend.swift in Sources */ = {isa = PBXBuildFile; fileRef = CC2224BE1D63350D00B47249 /* HJRecommend.swift */; };
		CC2224C11D6335CD00B47249 /* HJSquare.swift in Sources */ = {isa = PBXBuildFile; fileRef = CC2224C01D6335CD00B47249 /* HJSquare.swift */; };
		CC2224C91D633E8100B47249 /* HJSquareTCell.swift in Sources */ = {isa = PBXBuildFile; fileRef = CC2224C81D633E8100B47249 /* HJSquareTCell.swift */; };
		CC2224CB1D633E9300B47249 /* HJRecommendTCell.swift in Sources */ = {isa = PBXBuildFile; fileRef = CC2224CA1D633E9300B47249 /* HJRecommendTCell.swift */; };
		CC4B13C41D647C2C00AB0011 /* HJSubscribeHeaderView.swift in Sources */ = {isa = PBXBuildFile; fileRef = CC4B13C31D647C2C00AB0011 /* HJSubscribeHeaderView.swift */; };
		CC5543CE1D61552D001BBB0B /* HJAlertView.swift in Sources */ = {isa = PBXBuildFile; fileRef = CC5543CD1D61552D001BBB0B /* HJAlertView.swift */; };
		CC5543D41D618E0C001BBB0B /* close-alertView.png in Resources */ = {isa = PBXBuildFile; fileRef = CC5543D31D618E0C001BBB0B /* close-alertView.png */; };
		CC572AF61D65694200217A3E /* UIScrollView+HJNoDataView.swift in Sources */ = {isa = PBXBuildFile; fileRef = CC572AF51D65694200217A3E /* UIScrollView+HJNoDataView.swift */; };
		CC572BDA1D65D3EF00217A3E /* NSString+MD5.swift in Sources */ = {isa = PBXBuildFile; fileRef = CC572BD91D65D3EF00217A3E /* NSString+MD5.swift */; };
		CC9A52BC1D5D5F3D00C3C5D9 /* AppDelegate.swift in Sources */ = {isa = PBXBuildFile; fileRef = CC9A52BB1D5D5F3D00C3C5D9 /* AppDelegate.swift */; };
		CC9A52BE1D5D5F3D00C3C5D9 /* ViewController.swift in Sources */ = {isa = PBXBuildFile; fileRef = CC9A52BD1D5D5F3D00C3C5D9 /* ViewController.swift */; };
		CC9A52C11D5D5F3D00C3C5D9 /* Main.storyboard in Resources */ = {isa = PBXBuildFile; fileRef = CC9A52BF1D5D5F3D00C3C5D9 /* Main.storyboard */; };
		CC9A52C31D5D5F3D00C3C5D9 /* Assets.xcassets in Resources */ = {isa = PBXBuildFile; fileRef = CC9A52C21D5D5F3D00C3C5D9 /* Assets.xcassets */; };
		CC9A52C61D5D5F3D00C3C5D9 /* LaunchScreen.storyboard in Resources */ = {isa = PBXBuildFile; fileRef = CC9A52C41D5D5F3D00C3C5D9 /* LaunchScreen.storyboard */; };
		CC9A52D11D5D5F3D00C3C5D9 /* FunnySisterTests.swift in Sources */ = {isa = PBXBuildFile; fileRef = CC9A52D01D5D5F3D00C3C5D9 /* FunnySisterTests.swift */; };
		CC9A52DC1D5D5F3D00C3C5D9 /* FunnySisterUITests.swift in Sources */ = {isa = PBXBuildFile; fileRef = CC9A52DB1D5D5F3D00C3C5D9 /* FunnySisterUITests.swift */; };
		CCEE8D4A1D6465BC0075FD2D /* HJSubscribeController.swift in Sources */ = {isa = PBXBuildFile; fileRef = CCEE8D471D6465BC0075FD2D /* HJSubscribeController.swift */; };
		CCEE8D4C1D6466000075FD2D /* HJTheme.swift in Sources */ = {isa = PBXBuildFile; fileRef = CCEE8D4B1D6466000075FD2D /* HJTheme.swift */; };
		CCEE8D4E1D64660A0075FD2D /* HJUser.swift in Sources */ = {isa = PBXBuildFile; fileRef = CCEE8D4D1D64660A0075FD2D /* HJUser.swift */; };
/* End PBXBuildFile section */

/* Begin PBXContainerItemProxy section */
		CC9A52CD1D5D5F3D00C3C5D9 /* PBXContainerItemProxy */ = {
			isa = PBXContainerItemProxy;
			containerPortal = CC9A52B01D5D5F3D00C3C5D9 /* Project object */;
			proxyType = 1;
			remoteGlobalIDString = CC9A52B71D5D5F3D00C3C5D9;
			remoteInfo = FunnySister;
		};
		CC9A52D81D5D5F3D00C3C5D9 /* PBXContainerItemProxy */ = {
			isa = PBXContainerItemProxy;
			containerPortal = CC9A52B01D5D5F3D00C3C5D9 /* Project object */;
			proxyType = 1;
			remoteGlobalIDString = CC9A52B71D5D5F3D00C3C5D9;
			remoteInfo = FunnySister;
		};
/* End PBXContainerItemProxy section */

/* Begin PBXFileReference section */
		440BEB6C1D5EAE02008017E0 /* HJDefine.swift */ = {isa = PBXFileReference; fileEncoding = 4; lastKnownFileType = sourcecode.swift; path = HJDefine.swift; sourceTree = "<group>"; };
		440BEB6F1D5EAE50008017E0 /* NSDate+HJExtension.swift */ = {isa = PBXFileReference; fileEncoding = 4; lastKnownFileType = sourcecode.swift; path = "NSDate+HJExtension.swift"; sourceTree = "<group>"; };
		440BEB721D5EAE76008017E0 /* UIBarButtonItem+HJExtension.swift */ = {isa = PBXFileReference; fileEncoding = 4; lastKnownFileType = sourcecode.swift; path = "UIBarButtonItem+HJExtension.swift"; sourceTree = "<group>"; };
		440BEB751D5EAE98008017E0 /* UIColor+HJExtension.swift */ = {isa = PBXFileReference; fileEncoding = 4; lastKnownFileType = sourcecode.swift; path = "UIColor+HJExtension.swift"; sourceTree = "<group>"; };
		440BEB771D5EAE98008017E0 /* UITextField+HJExtension.swift */ = {isa = PBXFileReference; fileEncoding = 4; lastKnownFileType = sourcecode.swift; path = "UITextField+HJExtension.swift"; sourceTree = "<group>"; };
		440BEB7A1D5EAE98008017E0 /* UIView+HJExtension.swift */ = {isa = PBXFileReference; fileEncoding = 4; lastKnownFileType = sourcecode.swift; path = "UIView+HJExtension.swift"; sourceTree = "<group>"; };
		440BEB861D5EB2A6008017E0 /* HJTabBar.swift */ = {isa = PBXFileReference; fileEncoding = 4; lastKnownFileType = sourcecode.swift; path = HJTabBar.swift; sourceTree = "<group>"; };
		440BEB891D5EB2F1008017E0 /* HJGuideController.swift */ = {isa = PBXFileReference; fileEncoding = 4; lastKnownFileType = sourcecode.swift; path = HJGuideController.swift; sourceTree = "<group>"; };
		440BEB8D1D5EBAA1008017E0 /* 1242*2208-1.jpg */ = {isa = PBXFileReference; lastKnownFileType = image.jpeg; path = "1242*2208-1.jpg"; sourceTree = "<group>"; };
		440BEB8E1D5EBAA1008017E0 /* 1242*2208-2.jpg */ = {isa = PBXFileReference; lastKnownFileType = image.jpeg; path = "1242*2208-2.jpg"; sourceTree = "<group>"; };
		440BEB8F1D5EBAA1008017E0 /* 1242*2208-3.jpg */ = {isa = PBXFileReference; lastKnownFileType = image.jpeg; path = "1242*2208-3.jpg"; sourceTree = "<group>"; };
		440BEB901D5EBAA1008017E0 /* 1242*2208-4.jpg */ = {isa = PBXFileReference; lastKnownFileType = image.jpeg; path = "1242*2208-4.jpg"; sourceTree = "<group>"; };
		440BEB911D5EBAA1008017E0 /* 320*480-1.jpg */ = {isa = PBXFileReference; lastKnownFileType = image.jpeg; path = "320*480-1.jpg"; sourceTree = "<group>"; };
		440BEB921D5EBAA1008017E0 /* 320*480-2.jpg */ = {isa = PBXFileReference; lastKnownFileType = image.jpeg; path = "320*480-2.jpg"; sourceTree = "<group>"; };
		440BEB931D5EBAA1008017E0 /* 320*480-3.jpg */ = {isa = PBXFileReference; lastKnownFileType = image.jpeg; path = "320*480-3.jpg"; sourceTree = "<group>"; };
		440BEB941D5EBAA1008017E0 /* 320*480-4.jpg */ = {isa = PBXFileReference; lastKnownFileType = image.jpeg; path = "320*480-4.jpg"; sourceTree = "<group>"; };
		440BEB951D5EBAA1008017E0 /* 640*1136-1.jpg */ = {isa = PBXFileReference; lastKnownFileType = image.jpeg; path = "640*1136-1.jpg"; sourceTree = "<group>"; };
		440BEB961D5EBAA1008017E0 /* 640*1136-2.jpg */ = {isa = PBXFileReference; lastKnownFileType = image.jpeg; path = "640*1136-2.jpg"; sourceTree = "<group>"; };
		440BEB971D5EBAA1008017E0 /* 640*1136-3.jpg */ = {isa = PBXFileReference; lastKnownFileType = image.jpeg; path = "640*1136-3.jpg"; sourceTree = "<group>"; };
		440BEB981D5EBAA1008017E0 /* 640*1136-4.jpg */ = {isa = PBXFileReference; lastKnownFileType = image.jpeg; path = "640*1136-4.jpg"; sourceTree = "<group>"; };
		440BEB991D5EBAA1008017E0 /* 640*960-1.jpg */ = {isa = PBXFileReference; lastKnownFileType = image.jpeg; path = "640*960-1.jpg"; sourceTree = "<group>"; };
		440BEB9A1D5EBAA1008017E0 /* 640*960-2.jpg */ = {isa = PBXFileReference; lastKnownFileType = image.jpeg; path = "640*960-2.jpg"; sourceTree = "<group>"; };
		440BEB9B1D5EBAA1008017E0 /* 640*960-3.jpg */ = {isa = PBXFileReference; lastKnownFileType = image.jpeg; path = "640*960-3.jpg"; sourceTree = "<group>"; };
		440BEB9C1D5EBAA1008017E0 /* 640*960-4.jpg */ = {isa = PBXFileReference; lastKnownFileType = image.jpeg; path = "640*960-4.jpg"; sourceTree = "<group>"; };
		440BEB9D1D5EBAA1008017E0 /* 750*1334-1.jpg */ = {isa = PBXFileReference; lastKnownFileType = image.jpeg; path = "750*1334-1.jpg"; sourceTree = "<group>"; };
		440BEB9E1D5EBAA1008017E0 /* 750*1334-2.jpg */ = {isa = PBXFileReference; lastKnownFileType = image.jpeg; path = "750*1334-2.jpg"; sourceTree = "<group>"; };
		440BEB9F1D5EBAA1008017E0 /* 750*1334-3.jpg */ = {isa = PBXFileReference; lastKnownFileType = image.jpeg; path = "750*1334-3.jpg"; sourceTree = "<group>"; };
		440BEBA01D5EBAA1008017E0 /* 750*1334-4.jpg */ = {isa = PBXFileReference; lastKnownFileType = image.jpeg; path = "750*1334-4.jpg"; sourceTree = "<group>"; };
		440BEBBC1D5ECF90008017E0 /* HJCustomButton.swift */ = {isa = PBXFileReference; fileEncoding = 4; lastKnownFileType = sourcecode.swift; path = HJCustomButton.swift; sourceTree = "<group>"; };
		440BEBC01D5ED126008017E0 /* HJLoginBotomView.swift */ = {isa = PBXFileReference; fileEncoding = 4; lastKnownFileType = sourcecode.swift; path = HJLoginBotomView.swift; sourceTree = "<group>"; };
		440BEBC11D5ED126008017E0 /* HJNamePasswordView.swift */ = {isa = PBXFileReference; fileEncoding = 4; lastKnownFileType = sourcecode.swift; path = HJNamePasswordView.swift; sourceTree = "<group>"; };
		440BEBC41D5ED137008017E0 /* HJLoginRegistController.swift */ = {isa = PBXFileReference; fileEncoding = 4; lastKnownFileType = sourcecode.swift; path = HJLoginRegistController.swift; sourceTree = "<group>"; };
		440BEBC61D5ED8DC008017E0 /* HJNavigationController.swift */ = {isa = PBXFileReference; fileEncoding = 4; lastKnownFileType = sourcecode.swift; path = HJNavigationController.swift; sourceTree = "<group>"; };
		440BEBC71D5ED8DC008017E0 /* HJTabBarController.swift */ = {isa = PBXFileReference; fileEncoding = 4; lastKnownFileType = sourcecode.swift; path = HJTabBarController.swift; sourceTree = "<group>"; };
		440BEBCA1D5EDC98008017E0 /* HJFollowController.swift */ = {isa = PBXFileReference; fileEncoding = 4; lastKnownFileType = sourcecode.swift; path = HJFollowController.swift; sourceTree = "<group>"; };
		440BEBCE1D5EDCB3008017E0 /* HJMineController.swift */ = {isa = PBXFileReference; fileEncoding = 4; lastKnownFileType = sourcecode.swift; path = HJMineController.swift; sourceTree = "<group>"; };
		440BEBD21D5EDEDF008017E0 /* HJBaseViewController.swift */ = {isa = PBXFileReference; fileEncoding = 4; lastKnownFileType = sourcecode.swift; path = HJBaseViewController.swift; sourceTree = "<group>"; };
		440BEBD41D5EDF35008017E0 /* HJHomeTopView.swift */ = {isa = PBXFileReference; fileEncoding = 4; lastKnownFileType = sourcecode.swift; path = HJHomeTopView.swift; sourceTree = "<group>"; };
		440BEBD71D5EDF8E008017E0 /* NSString+HJExtension.swift */ = {isa = PBXFileReference; fileEncoding = 4; lastKnownFileType = sourcecode.swift; path = "NSString+HJExtension.swift"; sourceTree = "<group>"; };
		440BEBD91D5EDFC2008017E0 /* HJCreamController.swift */ = {isa = PBXFileReference; fileEncoding = 4; lastKnownFileType = sourcecode.swift; path = HJCreamController.swift; sourceTree = "<group>"; };
		440BEBDB1D5EDFDB008017E0 /* HJLastedController.swift */ = {isa = PBXFileReference; fileEncoding = 4; lastKnownFileType = sourcecode.swift; path = HJLastedController.swift; sourceTree = "<group>"; };
		440BEBDE1D5EE177008017E0 /* HJHttpRequest.swift */ = {isa = PBXFileReference; fileEncoding = 4; lastKnownFileType = sourcecode.swift; path = HJHttpRequest.swift; sourceTree = "<group>"; };
		440BEBE01D5EE1B9008017E0 /* RequestDefine.swift */ = {isa = PBXFileReference; fileEncoding = 4; lastKnownFileType = sourcecode.swift; path = RequestDefine.swift; sourceTree = "<group>"; };
		440BEBE21D5EE1D1008017E0 /* HJListAppBar.swift */ = {isa = PBXFileReference; fileEncoding = 4; lastKnownFileType = sourcecode.swift; path = HJListAppBar.swift; sourceTree = "<group>"; };
		440BEBE51D5EE1FD008017E0 /* NSObject+HJExtension.swift */ = {isa = PBXFileReference; fileEncoding = 4; lastKnownFileType = sourcecode.swift; path = "NSObject+HJExtension.swift"; sourceTree = "<group>"; };
		440E76211D5F486E0025EF41 /* HJTopicController.swift */ = {isa = PBXFileReference; fileEncoding = 4; lastKnownFileType = sourcecode.swift; path = HJTopicController.swift; sourceTree = "<group>"; };
		440E76231D5F48BE0025EF41 /* HJCreamTCell.swift */ = {isa = PBXFileReference; fileEncoding = 4; lastKnownFileType = sourcecode.swift; path = HJCreamTCell.swift; sourceTree = "<group>"; };
		440E76251D5F48C80025EF41 /* HJJokeToolBar.swift */ = {isa = PBXFileReference; fileEncoding = 4; lastKnownFileType = sourcecode.swift; path = HJJokeToolBar.swift; sourceTree = "<group>"; };
		440E76261D5F48C80025EF41 /* HJPictureView.swift */ = {isa = PBXFileReference; fileEncoding = 4; lastKnownFileType = sourcecode.swift; path = HJPictureView.swift; sourceTree = "<group>"; };
		440E76271D5F48C80025EF41 /* HJVideoView.swift */ = {isa = PBXFileReference; fileEncoding = 4; lastKnownFileType = sourcecode.swift; path = HJVideoView.swift; sourceTree = "<group>"; };
		440E762B1D5F49110025EF41 /* JokeModel.swift */ = {isa = PBXFileReference; fileEncoding = 4; lastKnownFileType = sourcecode.swift; path = JokeModel.swift; sourceTree = "<group>"; };
		445FB1F51D68002500639136 /* HJGifRefreshHeader.swift */ = {isa = PBXFileReference; fileEncoding = 4; lastKnownFileType = sourcecode.swift; path = HJGifRefreshHeader.swift; sourceTree = "<group>"; };
		445FB1F81D68936B00639136 /* HJProgressView.swift */ = {isa = PBXFileReference; fileEncoding = 4; lastKnownFileType = sourcecode.swift; path = HJProgressView.swift; sourceTree = "<group>"; };
		44D8BAA81D607C6C0085D009 /* UIImage+HJExtension.swift */ = {isa = PBXFileReference; fileEncoding = 4; lastKnownFileType = sourcecode.swift; path = "UIImage+HJExtension.swift"; sourceTree = "<group>"; };
		90D666E8B85072EF1F1DA407 /* Pods-FunnySister.release.xcconfig */ = {isa = PBXFileReference; includeInIndex = 1; lastKnownFileType = text.xcconfig; name = "Pods-FunnySister.release.xcconfig"; path = "Pods/Target Support Files/Pods-FunnySister/Pods-FunnySister.release.xcconfig"; sourceTree = "<group>"; };
		B82D76B58ED53E40DF36EDF5 /* Pods_FunnySister.framework */ = {isa = PBXFileReference; explicitFileType = wrapper.framework; includeInIndex = 0; path = Pods_FunnySister.framework; sourceTree = BUILT_PRODUCTS_DIR; };
		BDC6BC5C9A22098D627E0A2B /* Pods-FunnySister.debug.xcconfig */ = {isa = PBXFileReference; includeInIndex = 1; lastKnownFileType = text.xcconfig; name = "Pods-FunnySister.debug.xcconfig"; path = "Pods/Target Support Files/Pods-FunnySister/Pods-FunnySister.debug.xcconfig"; sourceTree = "<group>"; };
		CC2224BE1D63350D00B47249 /* HJRecommend.swift */ = {isa = PBXFileReference; fileEncoding = 4; lastKnownFileType = sourcecode.swift; path = HJRecommend.swift; sourceTree = "<group>"; };
		CC2224C01D6335CD00B47249 /* HJSquare.swift */ = {isa = PBXFileReference; fileEncoding = 4; lastKnownFileType = sourcecode.swift; path = HJSquare.swift; sourceTree = "<group>"; };
		CC2224C81D633E8100B47249 /* HJSquareTCell.swift */ = {isa = PBXFileReference; fileEncoding = 4; lastKnownFileType = sourcecode.swift; path = HJSquareTCell.swift; sourceTree = "<group>"; };
		CC2224CA1D633E9300B47249 /* HJRecommendTCell.swift */ = {isa = PBXFileReference; fileEncoding = 4; lastKnownFileType = sourcecode.swift; path = HJRecommendTCell.swift; sourceTree = "<group>"; };
		CC4B13C31D647C2C00AB0011 /* HJSubscribeHeaderView.swift */ = {isa = PBXFileReference; fileEncoding = 4; lastKnownFileType = sourcecode.swift; path = HJSubscribeHeaderView.swift; sourceTree = "<group>"; };
		CC5543CD1D61552D001BBB0B /* HJAlertView.swift */ = {isa = PBXFileReference; fileEncoding = 4; lastKnownFileType = sourcecode.swift; path = HJAlertView.swift; sourceTree = "<group>"; };
		CC5543D31D618E0C001BBB0B /* close-alertView.png */ = {isa = PBXFileReference; lastKnownFileType = image.png; path = "close-alertView.png"; sourceTree = "<group>"; };
		CC572AF51D65694200217A3E /* UIScrollView+HJNoDataView.swift */ = {isa = PBXFileReference; fileEncoding = 4; lastKnownFileType = sourcecode.swift; path = "UIScrollView+HJNoDataView.swift"; sourceTree = "<group>"; };
		CC572BD91D65D3EF00217A3E /* NSString+MD5.swift */ = {isa = PBXFileReference; fileEncoding = 4; lastKnownFileType = sourcecode.swift; path = "NSString+MD5.swift"; sourceTree = "<group>"; };
		CC572BE51D65DA9700217A3E /* FunnySister-Bridging-Header.h */ = {isa = PBXFileReference; fileEncoding = 4; lastKnownFileType = sourcecode.c.h; path = "FunnySister-Bridging-Header.h"; sourceTree = "<group>"; };
		CC9A52B81D5D5F3D00C3C5D9 /* FunnySister.app */ = {isa = PBXFileReference; explicitFileType = wrapper.application; includeInIndex = 0; path = FunnySister.app; sourceTree = BUILT_PRODUCTS_DIR; };
		CC9A52BB1D5D5F3D00C3C5D9 /* AppDelegate.swift */ = {isa = PBXFileReference; lastKnownFileType = sourcecode.swift; path = AppDelegate.swift; sourceTree = "<group>"; };
		CC9A52BD1D5D5F3D00C3C5D9 /* ViewController.swift */ = {isa = PBXFileReference; lastKnownFileType = sourcecode.swift; path = ViewController.swift; sourceTree = "<group>"; };
		CC9A52C01D5D5F3D00C3C5D9 /* Base */ = {isa = PBXFileReference; lastKnownFileType = file.storyboard; name = Base; path = Base.lproj/Main.storyboard; sourceTree = "<group>"; };
		CC9A52C21D5D5F3D00C3C5D9 /* Assets.xcassets */ = {isa = PBXFileReference; lastKnownFileType = folder.assetcatalog; path = Assets.xcassets; sourceTree = "<group>"; };
		CC9A52C51D5D5F3D00C3C5D9 /* Base */ = {isa = PBXFileReference; lastKnownFileType = file.storyboard; name = Base; path = Base.lproj/LaunchScreen.storyboard; sourceTree = "<group>"; };
		CC9A52C71D5D5F3D00C3C5D9 /* Info.plist */ = {isa = PBXFileReference; lastKnownFileType = text.plist.xml; path = Info.plist; sourceTree = "<group>"; };
		CC9A52CC1D5D5F3D00C3C5D9 /* FunnySisterTests.xctest */ = {isa = PBXFileReference; explicitFileType = wrapper.cfbundle; includeInIndex = 0; path = FunnySisterTests.xctest; sourceTree = BUILT_PRODUCTS_DIR; };
		CC9A52D01D5D5F3D00C3C5D9 /* FunnySisterTests.swift */ = {isa = PBXFileReference; lastKnownFileType = sourcecode.swift; path = FunnySisterTests.swift; sourceTree = "<group>"; };
		CC9A52D21D5D5F3D00C3C5D9 /* Info.plist */ = {isa = PBXFileReference; lastKnownFileType = text.plist.xml; path = Info.plist; sourceTree = "<group>"; };
		CC9A52D71D5D5F3D00C3C5D9 /* FunnySisterUITests.xctest */ = {isa = PBXFileReference; explicitFileType = wrapper.cfbundle; includeInIndex = 0; path = FunnySisterUITests.xctest; sourceTree = BUILT_PRODUCTS_DIR; };
		CC9A52DB1D5D5F3D00C3C5D9 /* FunnySisterUITests.swift */ = {isa = PBXFileReference; lastKnownFileType = sourcecode.swift; path = FunnySisterUITests.swift; sourceTree = "<group>"; };
		CC9A52DD1D5D5F3D00C3C5D9 /* Info.plist */ = {isa = PBXFileReference; lastKnownFileType = text.plist.xml; path = Info.plist; sourceTree = "<group>"; };
		CCEE8D471D6465BC0075FD2D /* HJSubscribeController.swift */ = {isa = PBXFileReference; fileEncoding = 4; lastKnownFileType = sourcecode.swift; path = HJSubscribeController.swift; sourceTree = "<group>"; };
		CCEE8D4B1D6466000075FD2D /* HJTheme.swift */ = {isa = PBXFileReference; fileEncoding = 4; lastKnownFileType = sourcecode.swift; path = HJTheme.swift; sourceTree = "<group>"; };
		CCEE8D4D1D64660A0075FD2D /* HJUser.swift */ = {isa = PBXFileReference; fileEncoding = 4; lastKnownFileType = sourcecode.swift; path = HJUser.swift; sourceTree = "<group>"; };
/* End PBXFileReference section */

/* Begin PBXFrameworksBuildPhase section */
		CC9A52B51D5D5F3D00C3C5D9 /* Frameworks */ = {
			isa = PBXFrameworksBuildPhase;
			buildActionMask = 2147483647;
			files = (
				3DB1D72AB3F405BFF0FAFCB4 /* Pods_FunnySister.framework in Frameworks */,
			);
			runOnlyForDeploymentPostprocessing = 0;
		};
		CC9A52C91D5D5F3D00C3C5D9 /* Frameworks */ = {
			isa = PBXFrameworksBuildPhase;
			buildActionMask = 2147483647;
			files = (
			);
			runOnlyForDeploymentPostprocessing = 0;
		};
		CC9A52D41D5D5F3D00C3C5D9 /* Frameworks */ = {
			isa = PBXFrameworksBuildPhase;
			buildActionMask = 2147483647;
			files = (
			);
			runOnlyForDeploymentPostprocessing = 0;
		};
/* End PBXFrameworksBuildPhase section */

/* Begin PBXGroup section */
		113164D3491B6A9010FBAAFC /* Pods */ = {
			isa = PBXGroup;
			children = (
				BDC6BC5C9A22098D627E0A2B /* Pods-FunnySister.debug.xcconfig */,
				90D666E8B85072EF1F1DA407 /* Pods-FunnySister.release.xcconfig */,
			);
			name = Pods;
			sourceTree = "<group>";
		};
		440BEB501D5EAB25008017E0 /* Class */ = {
			isa = PBXGroup;
			children = (
				440BEB8B1D5EBAA1008017E0 /* Source */,
				440BEB511D5EAB25008017E0 /* Base */,
				440BEB561D5EAB25008017E0 /* Cream(精华) */,
				440BEB5A1D5EAB25008017E0 /* Follow(关注) */,
				440BEB811D5EB23D008017E0 /* LoginRegist(登录注册) */,
				440BEB5E1D5EAB25008017E0 /* Lasted(最新) */,
				440BEB621D5EAB25008017E0 /* Mine(我) */,
				440BEB691D5EADE9008017E0 /* Tools */,
			);
			path = Class;
			sourceTree = "<group>";
		};
		440BEB511D5EAB25008017E0 /* Base */ = {
			isa = PBXGroup;
			children = (
				440BEB521D5EAB25008017E0 /* Controller */,
				440BEB531D5EAB25008017E0 /* Model */,
				440BEB541D5EAB25008017E0 /* View */,
			);
			path = Base;
			sourceTree = "<group>";
		};
		440BEB521D5EAB25008017E0 /* Controller */ = {
			isa = PBXGroup;
			children = (
				440BEBC61D5ED8DC008017E0 /* HJNavigationController.swift */,
				440BEBC71D5ED8DC008017E0 /* HJTabBarController.swift */,
				440BEBD21D5EDEDF008017E0 /* HJBaseViewController.swift */,
			);
			path = Controller;
			sourceTree = "<group>";
		};
		440BEB531D5EAB25008017E0 /* Model */ = {
			isa = PBXGroup;
			children = (
				440BEBE21D5EE1D1008017E0 /* HJListAppBar.swift */,
			);
			path = Model;
			sourceTree = "<group>";
		};
		440BEB541D5EAB25008017E0 /* View */ = {
			isa = PBXGroup;
			children = (
			);
			path = View;
			sourceTree = "<group>";
		};
		440BEB561D5EAB25008017E0 /* Cream(精华) */ = {
			isa = PBXGroup;
			children = (
				440BEB571D5EAB25008017E0 /* Controller */,
				440BEB581D5EAB25008017E0 /* Model */,
				440BEB591D5EAB25008017E0 /* View */,
			);
			path = "Cream(精华)";
			sourceTree = "<group>";
		};
		440BEB571D5EAB25008017E0 /* Controller */ = {
			isa = PBXGroup;
			children = (
				440BEBD91D5EDFC2008017E0 /* HJCreamController.swift */,
				440E76211D5F486E0025EF41 /* HJTopicController.swift */,
			);
			path = Controller;
			sourceTree = "<group>";
		};
		440BEB581D5EAB25008017E0 /* Model */ = {
			isa = PBXGroup;
			children = (
				440E762B1D5F49110025EF41 /* JokeModel.swift */,
			);
			path = Model;
			sourceTree = "<group>";
		};
		440BEB591D5EAB25008017E0 /* View */ = {
			isa = PBXGroup;
			children = (
				440E76231D5F48BE0025EF41 /* HJCreamTCell.swift */,
				440E76251D5F48C80025EF41 /* HJJokeToolBar.swift */,
				440E76261D5F48C80025EF41 /* HJPictureView.swift */,
				440E76271D5F48C80025EF41 /* HJVideoView.swift */,
			);
			path = View;
			sourceTree = "<group>";
		};
		440BEB5A1D5EAB25008017E0 /* Follow(关注) */ = {
			isa = PBXGroup;
			children = (
				440BEB5B1D5EAB25008017E0 /* Controller */,
				440BEB5C1D5EAB25008017E0 /* Model */,
				440BEB5D1D5EAB25008017E0 /* View */,
			);
			path = "Follow(关注)";
			sourceTree = "<group>";
		};
		440BEB5B1D5EAB25008017E0 /* Controller */ = {
			isa = PBXGroup;
			children = (
				440BEBCA1D5EDC98008017E0 /* HJFollowController.swift */,
			);
			path = Controller;
			sourceTree = "<group>";
		};
		440BEB5C1D5EAB25008017E0 /* Model */ = {
			isa = PBXGroup;
			children = (
			);
			path = Model;
			sourceTree = "<group>";
		};
		440BEB5D1D5EAB25008017E0 /* View */ = {
			isa = PBXGroup;
			children = (
			);
			path = View;
			sourceTree = "<group>";
		};
		440BEB5E1D5EAB25008017E0 /* Lasted(最新) */ = {
			isa = PBXGroup;
			children = (
				440BEB5F1D5EAB25008017E0 /* Controller */,
				440BEB601D5EAB25008017E0 /* Model */,
				440BEB611D5EAB25008017E0 /* View */,
			);
			path = "Lasted(最新)";
			sourceTree = "<group>";
		};
		440BEB5F1D5EAB25008017E0 /* Controller */ = {
			isa = PBXGroup;
			children = (
				440BEBDB1D5EDFDB008017E0 /* HJLastedController.swift */,
			);
			path = Controller;
			sourceTree = "<group>";
		};
		440BEB601D5EAB25008017E0 /* Model */ = {
			isa = PBXGroup;
			children = (
			);
			path = Model;
			sourceTree = "<group>";
		};
		440BEB611D5EAB25008017E0 /* View */ = {
			isa = PBXGroup;
			children = (
			);
			path = View;
			sourceTree = "<group>";
		};
		440BEB621D5EAB25008017E0 /* Mine(我) */ = {
			isa = PBXGroup;
			children = (
				CCEE8D451D6465BC0075FD2D /* Subscribe(订阅) */,
				440BEB631D5EAB25008017E0 /* Controller */,
				CC2224BD1D63350200B47249 /* Model */,
				CC2224C71D633E6100B47249 /* View */,
			);
			path = "Mine(我)";
			sourceTree = "<group>";
		};
		440BEB631D5EAB25008017E0 /* Controller */ = {
			isa = PBXGroup;
			children = (
				440BEBCE1D5EDCB3008017E0 /* HJMineController.swift */,
			);
			path = Controller;
			sourceTree = "<group>";
		};
		440BEB691D5EADE9008017E0 /* Tools */ = {
			isa = PBXGroup;
			children = (
				440BEB851D5EB290008017E0 /* HJCommon */,
				440BEB6A1D5EADE9008017E0 /* HJDefine */,
				440BEB6B1D5EADE9008017E0 /* HJExtension */,
			);
			path = Tools;
			sourceTree = "<group>";
		};
		440BEB6A1D5EADE9008017E0 /* HJDefine */ = {
			isa = PBXGroup;
			children = (
				440BEB6C1D5EAE02008017E0 /* HJDefine.swift */,
			);
			path = HJDefine;
			sourceTree = "<group>";
		};
		440BEB6B1D5EADE9008017E0 /* HJExtension */ = {
			isa = PBXGroup;
			children = (
				44D8BAA71D607B780085D009 /* UIImage */,
				440BEBE41D5EE1FD008017E0 /* NSObject */,
				440BEBD61D5EDF8E008017E0 /* NSString */,
				440BEB741D5EAE98008017E0 /* UIColor */,
				440BEB761D5EAE98008017E0 /* UITextField */,
				440BEB781D5EAE98008017E0 /* UIView */,
				440BEB711D5EAE76008017E0 /* UIBarButtonItem */,
				440BEB6E1D5EAE50008017E0 /* NSDate */,
			);
			path = HJExtension;
			sourceTree = "<group>";
		};
		440BEB6E1D5EAE50008017E0 /* NSDate */ = {
			isa = PBXGroup;
			children = (
				440BEB6F1D5EAE50008017E0 /* NSDate+HJExtension.swift */,
			);
			path = NSDate;
			sourceTree = "<group>";
		};
		440BEB711D5EAE76008017E0 /* UIBarButtonItem */ = {
			isa = PBXGroup;
			children = (
				440BEB721D5EAE76008017E0 /* UIBarButtonItem+HJExtension.swift */,
			);
			path = UIBarButtonItem;
			sourceTree = "<group>";
		};
		440BEB741D5EAE98008017E0 /* UIColor */ = {
			isa = PBXGroup;
			children = (
				440BEB751D5EAE98008017E0 /* UIColor+HJExtension.swift */,
			);
			path = UIColor;
			sourceTree = "<group>";
		};
		440BEB761D5EAE98008017E0 /* UITextField */ = {
			isa = PBXGroup;
			children = (
				440BEB771D5EAE98008017E0 /* UITextField+HJExtension.swift */,
			);
			path = UITextField;
			sourceTree = "<group>";
		};
		440BEB781D5EAE98008017E0 /* UIView */ = {
			isa = PBXGroup;
			children = (
				440BEB7A1D5EAE98008017E0 /* UIView+HJExtension.swift */,
				CC572AF51D65694200217A3E /* UIScrollView+HJNoDataView.swift */,
			);
			path = UIView;
			sourceTree = "<group>";
		};
		440BEB811D5EB23D008017E0 /* LoginRegist(登录注册) */ = {
			isa = PBXGroup;
			children = (
				440BEB821D5EB258008017E0 /* Controller */,
				440BEB831D5EB258008017E0 /* Model */,
				440BEB841D5EB258008017E0 /* View */,
			);
			path = "LoginRegist(登录注册)";
			sourceTree = "<group>";
		};
		440BEB821D5EB258008017E0 /* Controller */ = {
			isa = PBXGroup;
			children = (
				440BEBC41D5ED137008017E0 /* HJLoginRegistController.swift */,
			);
			path = Controller;
			sourceTree = "<group>";
		};
		440BEB831D5EB258008017E0 /* Model */ = {
			isa = PBXGroup;
			children = (
			);
			path = Model;
			sourceTree = "<group>";
		};
		440BEB841D5EB258008017E0 /* View */ = {
			isa = PBXGroup;
			children = (
				440BEBC01D5ED126008017E0 /* HJLoginBotomView.swift */,
				440BEBC11D5ED126008017E0 /* HJNamePasswordView.swift */,
			);
			path = View;
			sourceTree = "<group>";
		};
		440BEB851D5EB290008017E0 /* HJCommon */ = {
			isa = PBXGroup;
			children = (
				445FB1F71D68934500639136 /* HJProgressView */,
				445FB1F41D68002500639136 /* HJGifRefreshHeader */,
				CC5543CC1D615501001BBB0B /* AlertView */,
				440BEBDD1D5EE121008017E0 /* HTTP */,
				440BEBBB1D5ECF74008017E0 /* UIButton */,
				440BEB881D5EB2D7008017E0 /* Guide */,
				440BEB861D5EB2A6008017E0 /* HJTabBar.swift */,
				440BEBD41D5EDF35008017E0 /* HJHomeTopView.swift */,
			);
			path = HJCommon;
			sourceTree = "<group>";
		};
		440BEB881D5EB2D7008017E0 /* Guide */ = {
			isa = PBXGroup;
			children = (
				440BEB891D5EB2F1008017E0 /* HJGuideController.swift */,
			);
			path = Guide;
			sourceTree = "<group>";
		};
		440BEB8B1D5EBAA1008017E0 /* Source */ = {
			isa = PBXGroup;
			children = (
				440BEB8C1D5EBAA1008017E0 /* GuideImage */,
			);
			path = Source;
			sourceTree = "<group>";
		};
		440BEB8C1D5EBAA1008017E0 /* GuideImage */ = {
			isa = PBXGroup;
			children = (
				440BEB8D1D5EBAA1008017E0 /* 1242*2208-1.jpg */,
				440BEB8E1D5EBAA1008017E0 /* 1242*2208-2.jpg */,
				440BEB8F1D5EBAA1008017E0 /* 1242*2208-3.jpg */,
				440BEB901D5EBAA1008017E0 /* 1242*2208-4.jpg */,
				440BEB911D5EBAA1008017E0 /* 320*480-1.jpg */,
				440BEB921D5EBAA1008017E0 /* 320*480-2.jpg */,
				440BEB931D5EBAA1008017E0 /* 320*480-3.jpg */,
				440BEB941D5EBAA1008017E0 /* 320*480-4.jpg */,
				440BEB951D5EBAA1008017E0 /* 640*1136-1.jpg */,
				440BEB961D5EBAA1008017E0 /* 640*1136-2.jpg */,
				440BEB971D5EBAA1008017E0 /* 640*1136-3.jpg */,
				440BEB981D5EBAA1008017E0 /* 640*1136-4.jpg */,
				440BEB991D5EBAA1008017E0 /* 640*960-1.jpg */,
				440BEB9A1D5EBAA1008017E0 /* 640*960-2.jpg */,
				440BEB9B1D5EBAA1008017E0 /* 640*960-3.jpg */,
				440BEB9C1D5EBAA1008017E0 /* 640*960-4.jpg */,
				440BEB9D1D5EBAA1008017E0 /* 750*1334-1.jpg */,
				440BEB9E1D5EBAA1008017E0 /* 750*1334-2.jpg */,
				440BEB9F1D5EBAA1008017E0 /* 750*1334-3.jpg */,
				440BEBA01D5EBAA1008017E0 /* 750*1334-4.jpg */,
			);
			path = GuideImage;
			sourceTree = "<group>";
		};
		440BEBBB1D5ECF74008017E0 /* UIButton */ = {
			isa = PBXGroup;
			children = (
				440BEBBC1D5ECF90008017E0 /* HJCustomButton.swift */,
			);
			path = UIButton;
			sourceTree = "<group>";
		};
		440BEBD61D5EDF8E008017E0 /* NSString */ = {
			isa = PBXGroup;
			children = (
				440BEBD71D5EDF8E008017E0 /* NSString+HJExtension.swift */,
				CC572BD91D65D3EF00217A3E /* NSString+MD5.swift */,
			);
			path = NSString;
			sourceTree = "<group>";
		};
		440BEBDD1D5EE121008017E0 /* HTTP */ = {
			isa = PBXGroup;
			children = (
				440BEBDE1D5EE177008017E0 /* HJHttpRequest.swift */,
			);
			path = HTTP;
			sourceTree = "<group>";
		};
		440BEBE41D5EE1FD008017E0 /* NSObject */ = {
			isa = PBXGroup;
			children = (
				440BEBE51D5EE1FD008017E0 /* NSObject+HJExtension.swift */,
			);
			path = NSObject;
			sourceTree = "<group>";
		};
		445FB1F41D68002500639136 /* HJGifRefreshHeader */ = {
			isa = PBXGroup;
			children = (
				445FB1F51D68002500639136 /* HJGifRefreshHeader.swift */,
			);
			path = HJGifRefreshHeader;
			sourceTree = "<group>";
		};
		445FB1F71D68934500639136 /* HJProgressView */ = {
			isa = PBXGroup;
			children = (
				445FB1F81D68936B00639136 /* HJProgressView.swift */,
			);
			path = HJProgressView;
			sourceTree = "<group>";
		};
		44D8BAA71D607B780085D009 /* UIImage */ = {
			isa = PBXGroup;
			children = (
				44D8BAA81D607C6C0085D009 /* UIImage+HJExtension.swift */,
			);
			path = UIImage;
			sourceTree = "<group>";
		};
		CC2224BD1D63350200B47249 /* Model */ = {
			isa = PBXGroup;
			children = (
				CC2224BE1D63350D00B47249 /* HJRecommend.swift */,
				CC2224C01D6335CD00B47249 /* HJSquare.swift */,
			);
			path = Model;
			sourceTree = "<group>";
		};
		CC2224C71D633E6100B47249 /* View */ = {
			isa = PBXGroup;
			children = (
				CC2224C81D633E8100B47249 /* HJSquareTCell.swift */,
				CC2224CA1D633E9300B47249 /* HJRecommendTCell.swift */,
			);
			name = View;
			path = Model/View;
			sourceTree = "<group>";
		};
		CC5543CC1D615501001BBB0B /* AlertView */ = {
			isa = PBXGroup;
			children = (
				CC5543D31D618E0C001BBB0B /* close-alertView.png */,
				CC5543CD1D61552D001BBB0B /* HJAlertView.swift */,
			);
			path = AlertView;
			sourceTree = "<group>";
		};
		CC9A52AF1D5D5F3D00C3C5D9 = {
			isa = PBXGroup;
			children = (
				CC9A52BA1D5D5F3D00C3C5D9 /* FunnySister */,
				CC9A52CF1D5D5F3D00C3C5D9 /* FunnySisterTests */,
				CC9A52DA1D5D5F3D00C3C5D9 /* FunnySisterUITests */,
				CC9A52B91D5D5F3D00C3C5D9 /* Products */,
				113164D3491B6A9010FBAAFC /* Pods */,
				E024F1BE0CA467E8AFB64AE7 /* Frameworks */,
			);
			sourceTree = "<group>";
		};
		CC9A52B91D5D5F3D00C3C5D9 /* Products */ = {
			isa = PBXGroup;
			children = (
				CC9A52B81D5D5F3D00C3C5D9 /* FunnySister.app */,
				CC9A52CC1D5D5F3D00C3C5D9 /* FunnySisterTests.xctest */,
				CC9A52D71D5D5F3D00C3C5D9 /* FunnySisterUITests.xctest */,
			);
			name = Products;
			sourceTree = "<group>";
		};
		CC9A52BA1D5D5F3D00C3C5D9 /* FunnySister */ = {
			isa = PBXGroup;
			children = (
				440BEB501D5EAB25008017E0 /* Class */,
				CC9A52BB1D5D5F3D00C3C5D9 /* AppDelegate.swift */,
				CC9A52BD1D5D5F3D00C3C5D9 /* ViewController.swift */,
				440BEBE01D5EE1B9008017E0 /* RequestDefine.swift */,
				CC572BE51D65DA9700217A3E /* FunnySister-Bridging-Header.h */,
				CC9A52BF1D5D5F3D00C3C5D9 /* Main.storyboard */,
				CC9A52C21D5D5F3D00C3C5D9 /* Assets.xcassets */,
				CC9A52C41D5D5F3D00C3C5D9 /* LaunchScreen.storyboard */,
				CC9A52C71D5D5F3D00C3C5D9 /* Info.plist */,
			);
			path = FunnySister;
			sourceTree = "<group>";
		};
		CC9A52CF1D5D5F3D00C3C5D9 /* FunnySisterTests */ = {
			isa = PBXGroup;
			children = (
				CC9A52D01D5D5F3D00C3C5D9 /* FunnySisterTests.swift */,
				CC9A52D21D5D5F3D00C3C5D9 /* Info.plist */,
			);
			path = FunnySisterTests;
			sourceTree = "<group>";
		};
		CC9A52DA1D5D5F3D00C3C5D9 /* FunnySisterUITests */ = {
			isa = PBXGroup;
			children = (
				CC9A52DB1D5D5F3D00C3C5D9 /* FunnySisterUITests.swift */,
				CC9A52DD1D5D5F3D00C3C5D9 /* Info.plist */,
			);
			path = FunnySisterUITests;
			sourceTree = "<group>";
		};
		CCEE8D451D6465BC0075FD2D /* Subscribe(订阅) */ = {
			isa = PBXGroup;
			children = (
				CCEE8D461D6465BC0075FD2D /* Controller */,
				CCEE8D481D6465BC0075FD2D /* Model */,
				CCEE8D491D6465BC0075FD2D /* View */,
			);
			path = "Subscribe(订阅)";
			sourceTree = "<group>";
		};
		CCEE8D461D6465BC0075FD2D /* Controller */ = {
			isa = PBXGroup;
			children = (
				CCEE8D471D6465BC0075FD2D /* HJSubscribeController.swift */,
			);
			path = Controller;
			sourceTree = "<group>";
		};
		CCEE8D481D6465BC0075FD2D /* Model */ = {
			isa = PBXGroup;
			children = (
				CCEE8D4B1D6466000075FD2D /* HJTheme.swift */,
				CCEE8D4D1D64660A0075FD2D /* HJUser.swift */,
			);
			path = Model;
			sourceTree = "<group>";
		};
		CCEE8D491D6465BC0075FD2D /* View */ = {
			isa = PBXGroup;
			children = (
				CC4B13C31D647C2C00AB0011 /* HJSubscribeHeaderView.swift */,
			);
			path = View;
			sourceTree = "<group>";
		};
		E024F1BE0CA467E8AFB64AE7 /* Frameworks */ = {
			isa = PBXGroup;
			children = (
				B82D76B58ED53E40DF36EDF5 /* Pods_FunnySister.framework */,
			);
			name = Frameworks;
			sourceTree = "<group>";
		};
/* End PBXGroup section */

/* Begin PBXNativeTarget section */
		CC9A52B71D5D5F3D00C3C5D9 /* FunnySister */ = {
			isa = PBXNativeTarget;
			buildConfigurationList = CC9A52E01D5D5F3D00C3C5D9 /* Build configuration list for PBXNativeTarget "FunnySister" */;
			buildPhases = (
				E07505A4256F8753046C9833 /* [CP] Check Pods Manifest.lock */,
				CC9A52B41D5D5F3D00C3C5D9 /* Sources */,
				CC9A52B51D5D5F3D00C3C5D9 /* Frameworks */,
				CC9A52B61D5D5F3D00C3C5D9 /* Resources */,
				F5CA2C056B3227AC9C816725 /* [CP] Embed Pods Frameworks */,
				D27F43A8F17D8A124C8CE777 /* [CP] Copy Pods Resources */,
				B11E53E5DDAB4C60FCA8480D /* Embed Pods Frameworks */,
			);
			buildRules = (
			);
			dependencies = (
			);
			name = FunnySister;
			productName = FunnySister;
			productReference = CC9A52B81D5D5F3D00C3C5D9 /* FunnySister.app */;
			productType = "com.apple.product-type.application";
		};
		CC9A52CB1D5D5F3D00C3C5D9 /* FunnySisterTests */ = {
			isa = PBXNativeTarget;
			buildConfigurationList = CC9A52E31D5D5F3D00C3C5D9 /* Build configuration list for PBXNativeTarget "FunnySisterTests" */;
			buildPhases = (
				CC9A52C81D5D5F3D00C3C5D9 /* Sources */,
				CC9A52C91D5D5F3D00C3C5D9 /* Frameworks */,
				CC9A52CA1D5D5F3D00C3C5D9 /* Resources */,
			);
			buildRules = (
			);
			dependencies = (
				CC9A52CE1D5D5F3D00C3C5D9 /* PBXTargetDependency */,
			);
			name = FunnySisterTests;
			productName = FunnySisterTests;
			productReference = CC9A52CC1D5D5F3D00C3C5D9 /* FunnySisterTests.xctest */;
			productType = "com.apple.product-type.bundle.unit-test";
		};
		CC9A52D61D5D5F3D00C3C5D9 /* FunnySisterUITests */ = {
			isa = PBXNativeTarget;
			buildConfigurationList = CC9A52E61D5D5F3D00C3C5D9 /* Build configuration list for PBXNativeTarget "FunnySisterUITests" */;
			buildPhases = (
				CC9A52D31D5D5F3D00C3C5D9 /* Sources */,
				CC9A52D41D5D5F3D00C3C5D9 /* Frameworks */,
				CC9A52D51D5D5F3D00C3C5D9 /* Resources */,
			);
			buildRules = (
			);
			dependencies = (
				CC9A52D91D5D5F3D00C3C5D9 /* PBXTargetDependency */,
			);
			name = FunnySisterUITests;
			productName = FunnySisterUITests;
			productReference = CC9A52D71D5D5F3D00C3C5D9 /* FunnySisterUITests.xctest */;
			productType = "com.apple.product-type.bundle.ui-testing";
		};
/* End PBXNativeTarget section */

/* Begin PBXProject section */
		CC9A52B01D5D5F3D00C3C5D9 /* Project object */ = {
			isa = PBXProject;
			attributes = {
				CLASSPREFIX = HJ;
				LastSwiftUpdateCheck = 0730;
				LastUpgradeCheck = 0720;
				ORGANIZATIONNAME = XHJ;
				TargetAttributes = {
					CC9A52B71D5D5F3D00C3C5D9 = {
						CreatedOnToolsVersion = 7.2;
						DevelopmentTeam = 3Y92XXLNT8;
					};
					CC9A52CB1D5D5F3D00C3C5D9 = {
						CreatedOnToolsVersion = 7.2;
						TestTargetID = CC9A52B71D5D5F3D00C3C5D9;
					};
					CC9A52D61D5D5F3D00C3C5D9 = {
						CreatedOnToolsVersion = 7.2;
						TestTargetID = CC9A52B71D5D5F3D00C3C5D9;
					};
				};
			};
			buildConfigurationList = CC9A52B31D5D5F3D00C3C5D9 /* Build configuration list for PBXProject "FunnySister" */;
			compatibilityVersion = "Xcode 3.2";
			developmentRegion = English;
			hasScannedForEncodings = 0;
			knownRegions = (
				en,
				Base,
			);
			mainGroup = CC9A52AF1D5D5F3D00C3C5D9;
			productRefGroup = CC9A52B91D5D5F3D00C3C5D9 /* Products */;
			projectDirPath = "";
			projectRoot = "";
			targets = (
				CC9A52B71D5D5F3D00C3C5D9 /* FunnySister */,
				CC9A52CB1D5D5F3D00C3C5D9 /* FunnySisterTests */,
				CC9A52D61D5D5F3D00C3C5D9 /* FunnySisterUITests */,
			);
		};
/* End PBXProject section */

/* Begin PBXResourcesBuildPhase section */
		CC9A52B61D5D5F3D00C3C5D9 /* Resources */ = {
			isa = PBXResourcesBuildPhase;
			buildActionMask = 2147483647;
			files = (
				440BEBB21D5EBAA1008017E0 /* 750*1334-2.jpg in Resources */,
				440BEBA41D5EBAA1008017E0 /* 1242*2208-4.jpg in Resources */,
				440BEBA71D5EBAA1008017E0 /* 320*480-3.jpg in Resources */,
				440BEBA91D5EBAA1008017E0 /* 640*1136-1.jpg in Resources */,
				440BEBA81D5EBAA1008017E0 /* 320*480-4.jpg in Resources */,
				440BEBB01D5EBAA1008017E0 /* 640*960-4.jpg in Resources */,
				440BEBAA1D5EBAA1008017E0 /* 640*1136-2.jpg in Resources */,
				440BEBB41D5EBAA1008017E0 /* 750*1334-4.jpg in Resources */,
				440BEBAC1D5EBAA1008017E0 /* 640*1136-4.jpg in Resources */,
				CC9A52C61D5D5F3D00C3C5D9 /* LaunchScreen.storyboard in Resources */,
				CC9A52C31D5D5F3D00C3C5D9 /* Assets.xcassets in Resources */,
				440BEBB31D5EBAA1008017E0 /* 750*1334-3.jpg in Resources */,
				CC5543D41D618E0C001BBB0B /* close-alertView.png in Resources */,
				440BEBAE1D5EBAA1008017E0 /* 640*960-2.jpg in Resources */,
				440BEBAF1D5EBAA1008017E0 /* 640*960-3.jpg in Resources */,
				CC9A52C11D5D5F3D00C3C5D9 /* Main.storyboard in Resources */,
				440BEBAB1D5EBAA1008017E0 /* 640*1136-3.jpg in Resources */,
				440BEBA31D5EBAA1008017E0 /* 1242*2208-3.jpg in Resources */,
				440BEBA61D5EBAA1008017E0 /* 320*480-2.jpg in Resources */,
				440BEBA51D5EBAA1008017E0 /* 320*480-1.jpg in Resources */,
				440BEBB11D5EBAA1008017E0 /* 750*1334-1.jpg in Resources */,
				440BEBAD1D5EBAA1008017E0 /* 640*960-1.jpg in Resources */,
				440BEBA21D5EBAA1008017E0 /* 1242*2208-2.jpg in Resources */,
				440BEBA11D5EBAA1008017E0 /* 1242*2208-1.jpg in Resources */,
			);
			runOnlyForDeploymentPostprocessing = 0;
		};
		CC9A52CA1D5D5F3D00C3C5D9 /* Resources */ = {
			isa = PBXResourcesBuildPhase;
			buildActionMask = 2147483647;
			files = (
			);
			runOnlyForDeploymentPostprocessing = 0;
		};
		CC9A52D51D5D5F3D00C3C5D9 /* Resources */ = {
			isa = PBXResourcesBuildPhase;
			buildActionMask = 2147483647;
			files = (
			);
			runOnlyForDeploymentPostprocessing = 0;
		};
/* End PBXResourcesBuildPhase section */

/* Begin PBXShellScriptBuildPhase section */
		B11E53E5DDAB4C60FCA8480D /* Embed Pods Frameworks */ = {
			isa = PBXShellScriptBuildPhase;
			buildActionMask = 2147483647;
			files = (
			);
			inputPaths = (
			);
			name = "Embed Pods Frameworks";
			outputPaths = (
			);
			runOnlyForDeploymentPostprocessing = 0;
			shellPath = /bin/sh;
			shellScript = "\"${SRCROOT}/Pods/Target Support Files/Pods-FunnySister/Pods-FunnySister-frameworks.sh\"\n";
			showEnvVarsInLog = 0;
		};
		D27F43A8F17D8A124C8CE777 /* [CP] Copy Pods Resources */ = {
			isa = PBXShellScriptBuildPhase;
			buildActionMask = 2147483647;
			files = (
			);
			inputPaths = (
			);
			name = "[CP] Copy Pods Resources";
			outputPaths = (
			);
			runOnlyForDeploymentPostprocessing = 0;
			shellPath = /bin/sh;
			shellScript = "\"${SRCROOT}/Pods/Target Support Files/Pods-FunnySister/Pods-FunnySister-resources.sh\"\n";
			showEnvVarsInLog = 0;
		};
		E07505A4256F8753046C9833 /* [CP] Check Pods Manifest.lock */ = {
			isa = PBXShellScriptBuildPhase;
			buildActionMask = 2147483647;
			files = (
			);
			inputPaths = (
			);
			name = "[CP] Check Pods Manifest.lock";
			outputPaths = (
			);
			runOnlyForDeploymentPostprocessing = 0;
			shellPath = /bin/sh;
			shellScript = "diff \"${PODS_ROOT}/../Podfile.lock\" \"${PODS_ROOT}/Manifest.lock\" > /dev/null\nif [[ $? != 0 ]] ; then\n    cat << EOM\nerror: The sandbox is not in sync with the Podfile.lock. Run 'pod install' or update your CocoaPods installation.\nEOM\n    exit 1\nfi\n";
			showEnvVarsInLog = 0;
		};
		F5CA2C056B3227AC9C816725 /* [CP] Embed Pods Frameworks */ = {
			isa = PBXShellScriptBuildPhase;
			buildActionMask = 2147483647;
			files = (
			);
			inputPaths = (
			);
			name = "[CP] Embed Pods Frameworks";
			outputPaths = (
			);
			runOnlyForDeploymentPostprocessing = 0;
			shellPath = /bin/sh;
			shellScript = "\"${SRCROOT}/Pods/Target Support Files/Pods-FunnySister/Pods-FunnySister-frameworks.sh\"\n";
			showEnvVarsInLog = 0;
		};
/* End PBXShellScriptBuildPhase section */

/* Begin PBXSourcesBuildPhase section */
		CC9A52B41D5D5F3D00C3C5D9 /* Sources */ = {
			isa = PBXSourcesBuildPhase;
			buildActionMask = 2147483647;
			files = (
				440BEBC31D5ED126008017E0 /* HJNamePasswordView.swift in Sources */,
				440BEBD81D5EDF8E008017E0 /* NSString+HJExtension.swift in Sources */,
				440BEB8A1D5EB2F1008017E0 /* HJGuideController.swift in Sources */,
				440BEB7F1D5EAE98008017E0 /* UIView+HJExtension.swift in Sources */,
				440BEB701D5EAE50008017E0 /* NSDate+HJExtension.swift in Sources */,
				440BEBC81D5ED8DC008017E0 /* HJNavigationController.swift in Sources */,
				440E76281D5F48C80025EF41 /* HJJokeToolBar.swift in Sources */,
				440E76291D5F48C80025EF41 /* HJPictureView.swift in Sources */,
				440BEBC91D5ED8DC008017E0 /* HJTabBarController.swift in Sources */,
				CCEE8D4A1D6465BC0075FD2D /* HJSubscribeController.swift in Sources */,
				440BEBE61D5EE1FD008017E0 /* NSObject+HJExtension.swift in Sources */,
				440BEBD31D5EDEDF008017E0 /* HJBaseViewController.swift in Sources */,
				CC2224C91D633E8100B47249 /* HJSquareTCell.swift in Sources */,
				440BEBCB1D5EDC98008017E0 /* HJFollowController.swift in Sources */,
				440BEBE31D5EE1D1008017E0 /* HJListAppBar.swift in Sources */,
				440E76241D5F48BE0025EF41 /* HJCreamTCell.swift in Sources */,
				440E762C1D5F49110025EF41 /* JokeModel.swift in Sources */,
				CC572AF61D65694200217A3E /* UIScrollView+HJNoDataView.swift in Sources */,
				440BEBCF1D5EDCB3008017E0 /* HJMineController.swift in Sources */,
				440BEBDA1D5EDFC2008017E0 /* HJCreamController.swift in Sources */,
				440E762A1D5F48C80025EF41 /* HJVideoView.swift in Sources */,
				CC9A52BE1D5D5F3D00C3C5D9 /* ViewController.swift in Sources */,
				CC572BDA1D65D3EF00217A3E /* NSString+MD5.swift in Sources */,
				440BEBDC1D5EDFDB008017E0 /* HJLastedController.swift in Sources */,
				440BEB6D1D5EAE02008017E0 /* HJDefine.swift in Sources */,
				445FB1F91D68936B00639136 /* HJProgressView.swift in Sources */,
				44D8BAA91D607C6C0085D009 /* UIImage+HJExtension.swift in Sources */,
				440BEB7D1D5EAE98008017E0 /* UITextField+HJExtension.swift in Sources */,
				440BEBC51D5ED137008017E0 /* HJLoginRegistController.swift in Sources */,
				CC2224BF1D63350D00B47249 /* HJRecommend.swift in Sources */,
				440BEB871D5EB2A6008017E0 /* HJTabBar.swift in Sources */,
				440BEBDF1D5EE177008017E0 /* HJHttpRequest.swift in Sources */,
				CC9A52BC1D5D5F3D00C3C5D9 /* AppDelegate.swift in Sources */,
				CC2224CB1D633E9300B47249 /* HJRecommendTCell.swift in Sources */,
				440BEBD51D5EDF35008017E0 /* HJHomeTopView.swift in Sources */,
				CC2224C11D6335CD00B47249 /* HJSquare.swift in Sources */,
				440BEBE11D5EE1B9008017E0 /* RequestDefine.swift in Sources */,
				CCEE8D4E1D64660A0075FD2D /* HJUser.swift in Sources */,
				445FB1F61D68002500639136 /* HJGifRefreshHeader.swift in Sources */,
				440E76221D5F486E0025EF41 /* HJTopicController.swift in Sources */,
				440BEB731D5EAE76008017E0 /* UIBarButtonItem+HJExtension.swift in Sources */,
				440BEBC21D5ED126008017E0 /* HJLoginBotomView.swift in Sources */,
				CCEE8D4C1D6466000075FD2D /* HJTheme.swift in Sources */,
				CC5543CE1D61552D001BBB0B /* HJAlertView.swift in Sources */,
				440BEBBD1D5ECF90008017E0 /* HJCustomButton.swift in Sources */,
				CC4B13C41D647C2C00AB0011 /* HJSubscribeHeaderView.swift in Sources */,
				440BEB7C1D5EAE98008017E0 /* UIColor+HJExtension.swift in Sources */,
			);
			runOnlyForDeploymentPostprocessing = 0;
		};
		CC9A52C81D5D5F3D00C3C5D9 /* Sources */ = {
			isa = PBXSourcesBuildPhase;
			buildActionMask = 2147483647;
			files = (
				CC9A52D11D5D5F3D00C3C5D9 /* FunnySisterTests.swift in Sources */,
			);
			runOnlyForDeploymentPostprocessing = 0;
		};
		CC9A52D31D5D5F3D00C3C5D9 /* Sources */ = {
			isa = PBXSourcesBuildPhase;
			buildActionMask = 2147483647;
			files = (
				CC9A52DC1D5D5F3D00C3C5D9 /* FunnySisterUITests.swift in Sources */,
			);
			runOnlyForDeploymentPostprocessing = 0;
		};
/* End PBXSourcesBuildPhase section */

/* Begin PBXTargetDependency section */
		CC9A52CE1D5D5F3D00C3C5D9 /* PBXTargetDependency */ = {
			isa = PBXTargetDependency;
			target = CC9A52B71D5D5F3D00C3C5D9 /* FunnySister */;
			targetProxy = CC9A52CD1D5D5F3D00C3C5D9 /* PBXContainerItemProxy */;
		};
		CC9A52D91D5D5F3D00C3C5D9 /* PBXTargetDependency */ = {
			isa = PBXTargetDependency;
			target = CC9A52B71D5D5F3D00C3C5D9 /* FunnySister */;
			targetProxy = CC9A52D81D5D5F3D00C3C5D9 /* PBXContainerItemProxy */;
		};
/* End PBXTargetDependency section */

/* Begin PBXVariantGroup section */
		CC9A52BF1D5D5F3D00C3C5D9 /* Main.storyboard */ = {
			isa = PBXVariantGroup;
			children = (
				CC9A52C01D5D5F3D00C3C5D9 /* Base */,
			);
			name = Main.storyboard;
			sourceTree = "<group>";
		};
		CC9A52C41D5D5F3D00C3C5D9 /* LaunchScreen.storyboard */ = {
			isa = PBXVariantGroup;
			children = (
				CC9A52C51D5D5F3D00C3C5D9 /* Base */,
			);
			name = LaunchScreen.storyboard;
			sourceTree = "<group>";
		};
/* End PBXVariantGroup section */

/* Begin XCBuildConfiguration section */
		CC9A52DE1D5D5F3D00C3C5D9 /* Debug */ = {
			isa = XCBuildConfiguration;
			buildSettings = {
				ALWAYS_SEARCH_USER_PATHS = NO;
				CLANG_CXX_LANGUAGE_STANDARD = "gnu++0x";
				CLANG_CXX_LIBRARY = "libc++";
				CLANG_ENABLE_MODULES = YES;
				CLANG_ENABLE_OBJC_ARC = YES;
				CLANG_WARN_BOOL_CONVERSION = YES;
				CLANG_WARN_CONSTANT_CONVERSION = YES;
				CLANG_WARN_DIRECT_OBJC_ISA_USAGE = YES_ERROR;
				CLANG_WARN_EMPTY_BODY = YES;
				CLANG_WARN_ENUM_CONVERSION = YES;
				CLANG_WARN_INT_CONVERSION = YES;
				CLANG_WARN_OBJC_ROOT_CLASS = YES_ERROR;
				CLANG_WARN_UNREACHABLE_CODE = YES;
				CLANG_WARN__DUPLICATE_METHOD_MATCH = YES;
				"CODE_SIGN_IDENTITY[sdk=iphoneos*]" = "iPhone Developer";
				COPY_PHASE_STRIP = NO;
				DEBUG_INFORMATION_FORMAT = dwarf;
				ENABLE_STRICT_OBJC_MSGSEND = YES;
				ENABLE_TESTABILITY = YES;
				GCC_C_LANGUAGE_STANDARD = gnu99;
				GCC_DYNAMIC_NO_PIC = NO;
				GCC_NO_COMMON_BLOCKS = YES;
				GCC_OPTIMIZATION_LEVEL = 0;
				GCC_PREPROCESSOR_DEFINITIONS = (
					"DEBUG=1",
					"$(inherited)",
				);
				GCC_WARN_64_TO_32_BIT_CONVERSION = YES;
				GCC_WARN_ABOUT_RETURN_TYPE = YES_ERROR;
				GCC_WARN_UNDECLARED_SELECTOR = YES;
				GCC_WARN_UNINITIALIZED_AUTOS = YES_AGGRESSIVE;
				GCC_WARN_UNUSED_FUNCTION = YES;
				GCC_WARN_UNUSED_VARIABLE = YES;
				IPHONEOS_DEPLOYMENT_TARGET = 9.2;
				MTL_ENABLE_DEBUG_INFO = YES;
				ONLY_ACTIVE_ARCH = YES;
				SDKROOT = iphoneos;
				SWIFT_OPTIMIZATION_LEVEL = "-Onone";
				TARGETED_DEVICE_FAMILY = "1,2";
			};
			name = Debug;
		};
		CC9A52DF1D5D5F3D00C3C5D9 /* Release */ = {
			isa = XCBuildConfiguration;
			buildSettings = {
				ALWAYS_SEARCH_USER_PATHS = NO;
				CLANG_CXX_LANGUAGE_STANDARD = "gnu++0x";
				CLANG_CXX_LIBRARY = "libc++";
				CLANG_ENABLE_MODULES = YES;
				CLANG_ENABLE_OBJC_ARC = YES;
				CLANG_WARN_BOOL_CONVERSION = YES;
				CLANG_WARN_CONSTANT_CONVERSION = YES;
				CLANG_WARN_DIRECT_OBJC_ISA_USAGE = YES_ERROR;
				CLANG_WARN_EMPTY_BODY = YES;
				CLANG_WARN_ENUM_CONVERSION = YES;
				CLANG_WARN_INT_CONVERSION = YES;
				CLANG_WARN_OBJC_ROOT_CLASS = YES_ERROR;
				CLANG_WARN_UNREACHABLE_CODE = YES;
				CLANG_WARN__DUPLICATE_METHOD_MATCH = YES;
				"CODE_SIGN_IDENTITY[sdk=iphoneos*]" = "iPhone Developer";
				COPY_PHASE_STRIP = NO;
				DEBUG_INFORMATION_FORMAT = "dwarf-with-dsym";
				ENABLE_NS_ASSERTIONS = NO;
				ENABLE_STRICT_OBJC_MSGSEND = YES;
				GCC_C_LANGUAGE_STANDARD = gnu99;
				GCC_NO_COMMON_BLOCKS = YES;
				GCC_WARN_64_TO_32_BIT_CONVERSION = YES;
				GCC_WARN_ABOUT_RETURN_TYPE = YES_ERROR;
				GCC_WARN_UNDECLARED_SELECTOR = YES;
				GCC_WARN_UNINITIALIZED_AUTOS = YES_AGGRESSIVE;
				GCC_WARN_UNUSED_FUNCTION = YES;
				GCC_WARN_UNUSED_VARIABLE = YES;
				IPHONEOS_DEPLOYMENT_TARGET = 9.2;
				MTL_ENABLE_DEBUG_INFO = NO;
				SDKROOT = iphoneos;
				TARGETED_DEVICE_FAMILY = "1,2";
				VALIDATE_PRODUCT = YES;
			};
			name = Release;
		};
		CC9A52E11D5D5F3D00C3C5D9 /* Debug */ = {
			isa = XCBuildConfiguration;
			baseConfigurationReference = BDC6BC5C9A22098D627E0A2B /* Pods-FunnySister.debug.xcconfig */;
			buildSettings = {
				ASSETCATALOG_COMPILER_APPICON_NAME = AppIcon;
				ASSETCATALOG_COMPILER_LAUNCHIMAGE_NAME = "Brand Assets";
				CLANG_ENABLE_MODULES = YES;
				CODE_SIGN_IDENTITY = "iPhone Developer";
				"CODE_SIGN_IDENTITY[sdk=iphoneos*]" = "iPhone Developer";
				INFOPLIST_FILE = FunnySister/Info.plist;
				IPHONEOS_DEPLOYMENT_TARGET = 8.0;
				LD_RUNPATH_SEARCH_PATHS = "$(inherited) @executable_path/Frameworks";
				OTHER_SWIFT_FLAGS = "$(inherited) \"-D\" \"COCOAPODS\" -D DEBUG";
				PRODUCT_BUNDLE_IDENTIFIER = cn.coppco.FunnySister;
				PRODUCT_NAME = "$(TARGET_NAME)";
				PROVISIONING_PROFILE = "";
				SWIFT_OBJC_BRIDGING_HEADER = "/Users/coco/FunnySister/FunnySister/FunnySister/FunnySister-Bridging-Header.h";
				SWIFT_OPTIMIZATION_LEVEL = "-Onone";
				TARGETED_DEVICE_FAMILY = 1;
			};
			name = Debug;
		};
		CC9A52E21D5D5F3D00C3C5D9 /* Release */ = {
			isa = XCBuildConfiguration;
			baseConfigurationReference = 90D666E8B85072EF1F1DA407 /* Pods-FunnySister.release.xcconfig */;
			buildSettings = {
				ASSETCATALOG_COMPILER_APPICON_NAME = AppIcon;
				ASSETCATALOG_COMPILER_LAUNCHIMAGE_NAME = "Brand Assets";
				CLANG_ENABLE_MODULES = YES;
				CODE_SIGN_IDENTITY = "iPhone Developer";
				"CODE_SIGN_IDENTITY[sdk=iphoneos*]" = "iPhone Developer";
				INFOPLIST_FILE = FunnySister/Info.plist;
				IPHONEOS_DEPLOYMENT_TARGET = 8.0;
				LD_RUNPATH_SEARCH_PATHS = "$(inherited) @executable_path/Frameworks";
				PRODUCT_BUNDLE_IDENTIFIER = cn.coppco.FunnySister;
				PRODUCT_NAME = "$(TARGET_NAME)";
				PROVISIONING_PROFILE = "";
				SWIFT_OBJC_BRIDGING_HEADER = "/Users/coco/FunnySister/FunnySister/FunnySister/FunnySister-Bridging-Header.h";
				TARGETED_DEVICE_FAMILY = 1;
			};
			name = Release;
		};
		CC9A52E41D5D5F3D00C3C5D9 /* Debug */ = {
			isa = XCBuildConfiguration;
			buildSettings = {
				BUNDLE_LOADER = "$(TEST_HOST)";
				INFOPLIST_FILE = FunnySisterTests/Info.plist;
				LD_RUNPATH_SEARCH_PATHS = "$(inherited) @executable_path/Frameworks @loader_path/Frameworks";
				PRODUCT_BUNDLE_IDENTIFIER = cn.coppco.FunnySisterTests;
				PRODUCT_NAME = "$(TARGET_NAME)";
				TEST_HOST = "$(BUILT_PRODUCTS_DIR)/FunnySister.app/FunnySister";
			};
			name = Debug;
		};
		CC9A52E51D5D5F3D00C3C5D9 /* Release */ = {
			isa = XCBuildConfiguration;
			buildSettings = {
				BUNDLE_LOADER = "$(TEST_HOST)";
				INFOPLIST_FILE = FunnySisterTests/Info.plist;
				LD_RUNPATH_SEARCH_PATHS = "$(inherited) @executable_path/Frameworks @loader_path/Frameworks";
				PRODUCT_BUNDLE_IDENTIFIER = cn.coppco.FunnySisterTests;
				PRODUCT_NAME = "$(TARGET_NAME)";
				TEST_HOST = "$(BUILT_PRODUCTS_DIR)/FunnySister.app/FunnySister";
			};
			name = Release;
		};
		CC9A52E71D5D5F3D00C3C5D9 /* Debug */ = {
			isa = XCBuildConfiguration;
			buildSettings = {
				INFOPLIST_FILE = FunnySisterUITests/Info.plist;
				LD_RUNPATH_SEARCH_PATHS = "$(inherited) @executable_path/Frameworks @loader_path/Frameworks";
				PRODUCT_BUNDLE_IDENTIFIER = cn.coppco.FunnySisterUITests;
				PRODUCT_NAME = "$(TARGET_NAME)";
				TEST_TARGET_NAME = FunnySister;
				USES_XCTRUNNER = YES;
			};
			name = Debug;
		};
		CC9A52E81D5D5F3D00C3C5D9 /* Release */ = {
			isa = XCBuildConfiguration;
			buildSettings = {
				INFOPLIST_FILE = FunnySisterUITests/Info.plist;
				LD_RUNPATH_SEARCH_PATHS = "$(inherited) @executable_path/Frameworks @loader_path/Frameworks";
				PRODUCT_BUNDLE_IDENTIFIER = cn.coppco.FunnySisterUITests;
				PRODUCT_NAME = "$(TARGET_NAME)";
				TEST_TARGET_NAME = FunnySister;
				USES_XCTRUNNER = YES;
			};
			name = Release;
		};
/* End XCBuildConfiguration section */

/* Begin XCConfigurationList section */
		CC9A52B31D5D5F3D00C3C5D9 /* Build configuration list for PBXProject "FunnySister" */ = {
			isa = XCConfigurationList;
			buildConfigurations = (
				CC9A52DE1D5D5F3D00C3C5D9 /* Debug */,
				CC9A52DF1D5D5F3D00C3C5D9 /* Release */,
			);
			defaultConfigurationIsVisible = 0;
			defaultConfigurationName = Release;
		};
		CC9A52E01D5D5F3D00C3C5D9 /* Build configuration list for PBXNativeTarget "FunnySister" */ = {
			isa = XCConfigurationList;
			buildConfigurations = (
				CC9A52E11D5D5F3D00C3C5D9 /* Debug */,
				CC9A52E21D5D5F3D00C3C5D9 /* Release */,
			);
			defaultConfigurationIsVisible = 0;
			defaultConfigurationName = Release;
		};
		CC9A52E31D5D5F3D00C3C5D9 /* Build configuration list for PBXNativeTarget "FunnySisterTests" */ = {
			isa = XCConfigurationList;
			buildConfigurations = (
				CC9A52E41D5D5F3D00C3C5D9 /* Debug */,
				CC9A52E51D5D5F3D00C3C5D9 /* Release */,
			);
			defaultConfigurationIsVisible = 0;
			defaultConfigurationName = Release;
		};
		CC9A52E61D5D5F3D00C3C5D9 /* Build configuration list for PBXNativeTarget "FunnySisterUITests" */ = {
			isa = XCConfigurationList;
			buildConfigurations = (
				CC9A52E71D5D5F3D00C3C5D9 /* Debug */,
				CC9A52E81D5D5F3D00C3C5D9 /* Release */,
			);
			defaultConfigurationIsVisible = 0;
			defaultConfigurationName = Release;
		};
/* End XCConfigurationList section */
	};
	rootObject = CC9A52B01D5D5F3D00C3C5D9 /* Project object */;
}
